
Microsoft Visual Studio Solution File, Format Version 12.00
# Visual Studio Version 16
VisualStudioVersion = 16.0.31105.61
MinimumVisualStudioVersion = 10.0.40219.1
Project("{FAE04EC0-301F-11D3-BF4B-00C04F79EFBC}") = "weathewpf", "weathewpf\weathewpf.csproj", "{D386954C-24A9-4369-967E-63B9FCB6BF60}"
EndProject
Project("{FAE04EC0-301F-11D3-BF4B-00C04F79EFBC}") = "weathercomponent", "weathercomponent\weathercomponent.csproj", "{8BEBBB61-C0D4-4801-9BE7-6E07FF75245A}"
EndProject
Project("{FAE04EC0-301F-11D3-BF4B-00C04F79EFBC}") = "weatherconsole", "weatherconsole\weatherconsole.csproj", "{4371544C-95DB-44BA-8290-72908073037C}"
EndProject
Global
	GlobalSection(SolutionConfigurationPlatforms) = preSolution
		Debug|Any CPU = Debug|Any CPU
		Release|Any CPU = Release|Any CPU
	EndGlobalSection
	GlobalSection(ProjectConfigurationPlatforms) = postSolution
		{D386954C-24A9-4369-967E-63B9FCB6BF60}.Debug|Any CPU.ActiveCfg = Debug|Any CPU
		{D386954C-24A9-4369-967E-63B9FCB6BF60}.Debug|Any CPU.Build.0 = Debug|Any CPU
		{D386954C-24A9-4369-967E-63B9FCB6BF60}.Release|Any CPU.ActiveCfg = Release|Any CPU
		{D386954C-24A9-4369-967E-63B9FCB6BF60}.Release|Any CPU.Build.0 = Release|Any CPU
		{8BEBBB61-C0D4-4801-9BE7-6E07FF75245A}.Debug|Any CPU.ActiveCfg = Debug|Any CPU
		{8BEBBB61-C0D4-4801-9BE7-6E07FF75245A}.Debug|Any CPU.Build.0 = Debug|Any CPU
		{8BEBBB61-C0D4-4801-9BE7-6E07FF75245A}.Release|Any CPU.ActiveCfg = Release|Any CPU
		{8BEBBB61-C0D4-4801-9BE7-6E07FF75245A}.Release|Any CPU.Build.0 = Release|Any CPU
		{4371544C-95DB-44BA-8290-72908073037C}.Debug|Any CPU.ActiveCfg = Debug|Any CPU
		{4371544C-95DB-44BA-8290-72908073037C}.Debug|Any CPU.Build.0 = Debug|Any CPU
		{4371544C-95DB-44BA-8290-72908073037C}.Release|Any CPU.ActiveCfg = Release|Any CPU
		{4371544C-95DB-44BA-8290-72908073037C}.Release|Any CPU.Build.0 = Release|Any CPU
	EndGlobalSection
	GlobalSection(SolutionProperties) = preSolution
		HideSolutionNode = FALSE
	EndGlobalSection
	GlobalSection(ExtensibilityGlobals) = postSolution
		SolutionGuid = {0AE8E979-B53E-417B-8A5F-9EA073089EB9}
	EndGlobalSection
EndGlobal
